
Microsoft Visual Studio Solution File, Format Version 12.00
# Visual Studio Version 16
VisualStudioVersion = 16.0.30907.101
MinimumVisualStudioVersion = 10.0.40219.1
Project("{FAE04EC0-301F-11D3-BF4B-00C04F79EFBC}") = "App.Android", "App\Android\App.Android.csproj", "{25DF36CD-D065-455D-BD3C-8F89FC28A82F}"
EndProject
Project("{9A19103F-16F7-4668-BE54-9A1E7A4F7556}") = "App.Portable", "App\Portable\App.Portable.csproj", "{34453CA5-841A-40CA-BBBE-8ED8F7EE95FD}"
EndProject
Project("{9A19103F-16F7-4668-BE54-9A1E7A4F7556}") = "Redux.Mvc", "Redux.Mvc\Redux.Mvc\Redux.Mvc.csproj", "{52FE306A-0C56-4CE7-9D0F-47F638ACB48D}"
EndProject
Global
	GlobalSection(SolutionConfigurationPlatforms) = preSolution
		Debug|Any CPU = Debug|Any CPU
		Release|Any CPU = Release|Any CPU
	EndGlobalSection
	GlobalSection(ProjectConfigurationPlatforms) = postSolution
		{25DF36CD-D065-455D-BD3C-8F89FC28A82F}.Debug|Any CPU.ActiveCfg = Debug|Any CPU
		{25DF36CD-D065-455D-BD3C-8F89FC28A82F}.Debug|Any CPU.Build.0 = Debug|Any CPU
		{25DF36CD-D065-455D-BD3C-8F89FC28A82F}.Debug|Any CPU.Deploy.0 = Debug|Any CPU
		{25DF36CD-D065-455D-BD3C-8F89FC28A82F}.Release|Any CPU.ActiveCfg = Release|Any CPU
		{25DF36CD-D065-455D-BD3C-8F89FC28A82F}.Release|Any CPU.Build.0 = Release|Any CPU
		{25DF36CD-D065-455D-BD3C-8F89FC28A82F}.Release|Any CPU.Deploy.0 = Release|Any CPU
		{34453CA5-841A-40CA-BBBE-8ED8F7EE95FD}.Debug|Any CPU.ActiveCfg = Debug|Any CPU
		{34453CA5-841A-40CA-BBBE-8ED8F7EE95FD}.Debug|Any CPU.Build.0 = Debug|Any CPU
		{34453CA5-841A-40CA-BBBE-8ED8F7EE95FD}.Release|Any CPU.ActiveCfg = Release|Any CPU
		{34453CA5-841A-40CA-BBBE-8ED8F7EE95FD}.Release|Any CPU.Build.0 = Release|Any CPU
		{52FE306A-0C56-4CE7-9D0F-47F638ACB48D}.Debug|Any CPU.ActiveCfg = Debug|Any CPU
		{52FE306A-0C56-4CE7-9D0F-47F638ACB48D}.Debug|Any CPU.Build.0 = Debug|Any CPU
		{52FE306A-0C56-4CE7-9D0F-47F638ACB48D}.Release|Any CPU.ActiveCfg = Release|Any CPU
		{52FE306A-0C56-4CE7-9D0F-47F638ACB48D}.Release|Any CPU.Build.0 = Release|Any CPU
	EndGlobalSection
	GlobalSection(SolutionProperties) = preSolution
		HideSolutionNode = FALSE
	EndGlobalSection
	GlobalSection(ExtensibilityGlobals) = postSolution
		SolutionGuid = {F8A281AB-1125-49F8-8A93-5CF1985A9840}
	EndGlobalSection
EndGlobal
